Microsoft Visual Studio Solution File, Format Version 12.00
# Visual Studio Version 17
VisualStudioVersion = 17.5.2.0
MinimumVisualStudioVersion = 10.0.40219.1
Project("{FAE04EC0-301F-11D3-BF4B-00C04F79EFBC}") = "XLIB", "XLIB.csproj", "{D580B71A-1481-A034-C3BD-CCF2BD6EA58A}"
EndProject
Global
	GlobalSection(SolutionConfigurationPlatforms) = preSolution
		Debug|Any CPU = Debug|Any CPU
		Release|Any CPU = Release|Any CPU
	EndGlobalSection
	GlobalSection(ProjectConfigurationPlatforms) = postSolution
		{D580B71A-1481-A034-C3BD-CCF2BD6EA58A}.Debug|Any CPU.ActiveCfg = Debug|Any CPU
		{D580B71A-1481-A034-C3BD-CCF2BD6EA58A}.Debug|Any CPU.Build.0 = Debug|Any CPU
		{D580B71A-1481-A034-C3BD-CCF2BD6EA58A}.Release|Any CPU.ActiveCfg = Release|Any CPU
		{D580B71A-1481-A034-C3BD-CCF2BD6EA58A}.Release|Any CPU.Build.0 = Release|Any CPU
	EndGlobalSection
	GlobalSection(SolutionProperties) = preSolution
		HideSolutionNode = FALSE
	EndGlobalSection
	GlobalSection(ExtensibilityGlobals) = postSolution
		SolutionGuid = {7C658ED1-993C-4243-84D9-E182F27FCB8A}
	EndGlobalSection
EndGlobal
